// !$*UTF8*$!
{
	archiveVersion = 1;
	classes = {
	};
	objectVersion = 56;
	objects = {

/* Begin PBXBuildFile section */
		0A6A9E072C246094004C5958 /* UIView+Extensions.swift in Sources */ = {isa = PBXBuildFile; fileRef = 0A6A9E062C246094004C5958 /* UIView+Extensions.swift */; };
		0A6A9E102C24C242004C5958 /* SearchMediaDetailsAssembly.swift in Sources */ = {isa = PBXBuildFile; fileRef = 0A6A9E0F2C24C242004C5958 /* SearchMediaDetailsAssembly.swift */; };
		0A6A9E122C24C24C004C5958 /* SearchMediaDetailsAssemblyImpl.swift in Sources */ = {isa = PBXBuildFile; fileRef = 0A6A9E112C24C24C004C5958 /* SearchMediaDetailsAssemblyImpl.swift */; };
		0A6A9E142C24C25E004C5958 /* SearchMediaDetailsInteractor.swift in Sources */ = {isa = PBXBuildFile; fileRef = 0A6A9E132C24C25E004C5958 /* SearchMediaDetailsInteractor.swift */; };
		0A6A9E162C24C29F004C5958 /* SearchMediaDetailsInteractorImpl.swift in Sources */ = {isa = PBXBuildFile; fileRef = 0A6A9E152C24C29F004C5958 /* SearchMediaDetailsInteractorImpl.swift */; };
		0A6A9E182C24C2D3004C5958 /* SearchMediaDetailsPresenter.swift in Sources */ = {isa = PBXBuildFile; fileRef = 0A6A9E172C24C2D3004C5958 /* SearchMediaDetailsPresenter.swift */; };
		0A6A9E1A2C24C2F4004C5958 /* SearchMediaDetailsPresenterImpl.swift in Sources */ = {isa = PBXBuildFile; fileRef = 0A6A9E192C24C2F4004C5958 /* SearchMediaDetailsPresenterImpl.swift */; };
		0A6A9E1C2C24C303004C5958 /* SearchMediaDetailsRouter.swift in Sources */ = {isa = PBXBuildFile; fileRef = 0A6A9E1B2C24C303004C5958 /* SearchMediaDetailsRouter.swift */; };
		0A6A9E1E2C24C30F004C5958 /* SearchMediaDetailsRouterImpl.swift in Sources */ = {isa = PBXBuildFile; fileRef = 0A6A9E1D2C24C30F004C5958 /* SearchMediaDetailsRouterImpl.swift */; };
		0A6A9E202C24C320004C5958 /* SearchMediaDetailsViewController.swift in Sources */ = {isa = PBXBuildFile; fileRef = 0A6A9E1F2C24C320004C5958 /* SearchMediaDetailsViewController.swift */; };
		0A6A9E232C24C349004C5958 /* SearchMediaDetailsView.swift in Sources */ = {isa = PBXBuildFile; fileRef = 0A6A9E222C24C349004C5958 /* SearchMediaDetailsView.swift */; };
		0A6A9E252C24C355004C5958 /* SearchMediaDetailsViewInput.swift in Sources */ = {isa = PBXBuildFile; fileRef = 0A6A9E242C24C355004C5958 /* SearchMediaDetailsViewInput.swift */; };
		0A6A9E682C24C6FC004C5958 /* SearchMediaPresenter.swift in Sources */ = {isa = PBXBuildFile; fileRef = 0A6A9E592C24C6FC004C5958 /* SearchMediaPresenter.swift */; };
		0A6A9E702C24C73C004C5958 /* SearchMediaAssembly.swift in Sources */ = {isa = PBXBuildFile; fileRef = 0A6A9E6F2C24C73C004C5958 /* SearchMediaAssembly.swift */; };
		0A6A9E7F2C24C75D004C5958 /* SearchMediaViewController.swift in Sources */ = {isa = PBXBuildFile; fileRef = 0A6A9E732C24C75D004C5958 /* SearchMediaViewController.swift */; };
		0A6A9E822C24C75D004C5958 /* SearchMediaAssemblyImpl.swift in Sources */ = {isa = PBXBuildFile; fileRef = 0A6A9E762C24C75D004C5958 /* SearchMediaAssemblyImpl.swift */; };
		0A6A9E832C24C75D004C5958 /* SearchMediaViewInput.swift in Sources */ = {isa = PBXBuildFile; fileRef = 0A6A9E772C24C75D004C5958 /* SearchMediaViewInput.swift */; };
		0A6A9E862C24C75D004C5958 /* SearchMediaRouter.swift in Sources */ = {isa = PBXBuildFile; fileRef = 0A6A9E7A2C24C75D004C5958 /* SearchMediaRouter.swift */; };
		0A6A9E872C24C75D004C5958 /* SearchMediaRouterImp.swift in Sources */ = {isa = PBXBuildFile; fileRef = 0A6A9E7B2C24C75D004C5958 /* SearchMediaRouterImp.swift */; };
		0A6A9E882C24C75D004C5958 /* SearchMediaView.swift in Sources */ = {isa = PBXBuildFile; fileRef = 0A6A9E7C2C24C75D004C5958 /* SearchMediaView.swift */; };
		0A6A9E8A2C24C79A004C5958 /* SearchMediaInteractor.swift in Sources */ = {isa = PBXBuildFile; fileRef = 0A6A9E892C24C79A004C5958 /* SearchMediaInteractor.swift */; };
		0A6A9E8C2C24C7EE004C5958 /* SearchMediaPresenterImpl.swift in Sources */ = {isa = PBXBuildFile; fileRef = 0A6A9E8B2C24C7EE004C5958 /* SearchMediaPresenterImpl.swift */; };
		0A6A9E8E2C24C959004C5958 /* SearchMediaInteractorImp.swift in Sources */ = {isa = PBXBuildFile; fileRef = 0A6A9E8D2C24C959004C5958 /* SearchMediaInteractorImp.swift */; };
		0A6A9E912C24DA53004C5958 /* Collection + Extensions.swift in Sources */ = {isa = PBXBuildFile; fileRef = 0A6A9E902C24DA53004C5958 /* Collection + Extensions.swift */; };
		0A6A9E932C25761E004C5958 /* SearchState.swift in Sources */ = {isa = PBXBuildFile; fileRef = 0A6A9E922C25761E004C5958 /* SearchState.swift */; };
		0A6A9ECD2C25A2B8004C5958 /* SearchCellType.swift in Sources */ = {isa = PBXBuildFile; fileRef = 0A6A9ECC2C25A2B7004C5958 /* SearchCellType.swift */; };
		0A6A9ECF2C272F3B004C5958 /* SearchDetailsHyperLinkType.swift in Sources */ = {isa = PBXBuildFile; fileRef = 0A6A9ECE2C272F3B004C5958 /* SearchDetailsHyperLinkType.swift */; };
		D23792F72BC6A77200694576 /* AppDelegate.swift in Sources */ = {isa = PBXBuildFile; fileRef = D23792F62BC6A77200694576 /* AppDelegate.swift */; };
		D23792F92BC6A77200694576 /* SceneDelegate.swift in Sources */ = {isa = PBXBuildFile; fileRef = D23792F82BC6A77200694576 /* SceneDelegate.swift */; };
		D23792FB2BC6A77200694576 /* SearchViewController.swift in Sources */ = {isa = PBXBuildFile; fileRef = D23792FA2BC6A77200694576 /* SearchViewController.swift */; };
		D23793002BC6A77300694576 /* Assets.xcassets in Resources */ = {isa = PBXBuildFile; fileRef = D23792FF2BC6A77300694576 /* Assets.xcassets */; };
		D23793032BC6A77300694576 /* LaunchScreen.storyboard in Resources */ = {isa = PBXBuildFile; fileRef = D23793012BC6A77300694576 /* LaunchScreen.storyboard */; };
		D237930E2BC6A77300694576 /* searchMediaTests.swift in Sources */ = {isa = PBXBuildFile; fileRef = D237930D2BC6A77300694576 /* searchMediaTests.swift */; };
		D23793182BC6A77300694576 /* searchMediaUITests.swift in Sources */ = {isa = PBXBuildFile; fileRef = D23793172BC6A77300694576 /* searchMediaUITests.swift */; };
		D237931A2BC6A77300694576 /* searchMediaUITestsLaunchTests.swift in Sources */ = {isa = PBXBuildFile; fileRef = D23793192BC6A77300694576 /* searchMediaUITestsLaunchTests.swift */; };
		D237932A2BC6B39B00694576 /* SearchPresenter.swift in Sources */ = {isa = PBXBuildFile; fileRef = D23793292BC6B39B00694576 /* SearchPresenter.swift */; };
		D237932D2BC6B47E00694576 /* SearchFlowFactory.swift in Sources */ = {isa = PBXBuildFile; fileRef = D237932C2BC6B47E00694576 /* SearchFlowFactory.swift */; };
		D237932F2BC6B4EE00694576 /* AppCoordinator.swift in Sources */ = {isa = PBXBuildFile; fileRef = D237932E2BC6B4EE00694576 /* AppCoordinator.swift */; };
		D2FEDEF42BC7F7A2003529B3 /* SearchCollectionViewCell.swift in Sources */ = {isa = PBXBuildFile; fileRef = D2FEDEF32BC7F7A2003529B3 /* SearchCollectionViewCell.swift */; };
		D2FEDEF72BC7FA17003529B3 /* HistoryCollectionViewCell.swift in Sources */ = {isa = PBXBuildFile; fileRef = D2FEDEF62BC7FA17003529B3 /* HistoryCollectionViewCell.swift */; };
		D2FEDEFA2BC95368003529B3 /* NetworkAPI.swift in Sources */ = {isa = PBXBuildFile; fileRef = D2FEDEF92BC95368003529B3 /* NetworkAPI.swift */; };
		D2FEDEFC2BC95398003529B3 /* NetworkClient.swift in Sources */ = {isa = PBXBuildFile; fileRef = D2FEDEFB2BC95398003529B3 /* NetworkClient.swift */; };
		D2FEDEFF2BC998FE003529B3 /* SearchResult.swift in Sources */ = {isa = PBXBuildFile; fileRef = D2FEDEFE2BC998FE003529B3 /* SearchResult.swift */; };
		D2FEDF012BC999B0003529B3 /* SearchParams.swift in Sources */ = {isa = PBXBuildFile; fileRef = D2FEDF002BC999B0003529B3 /* SearchParams.swift */; };
		D2FEDF032BC9BC35003529B3 /* ImagesProvider.swift in Sources */ = {isa = PBXBuildFile; fileRef = D2FEDF022BC9BC35003529B3 /* ImagesProvider.swift */; };
		D2FEDF052BCAC626003529B3 /* SearchDetailsViewController.swift in Sources */ = {isa = PBXBuildFile; fileRef = D2FEDF042BCAC626003529B3 /* SearchDetailsViewController.swift */; };
		D2FEDF082BCAC6C5003529B3 /* SearchDetailsPresenter.swift in Sources */ = {isa = PBXBuildFile; fileRef = D2FEDF072BCAC6C5003529B3 /* SearchDetailsPresenter.swift */; };
		D2FEDF0A2BCAC70A003529B3 /* SearchDetailsViewModel.swift in Sources */ = {isa = PBXBuildFile; fileRef = D2FEDF092BCAC70A003529B3 /* SearchDetailsViewModel.swift */; };
		D2FEDF0D2BCAC7C7003529B3 /* SearchDetailsDTO.swift in Sources */ = {isa = PBXBuildFile; fileRef = D2FEDF0C2BCAC7C7003529B3 /* SearchDetailsDTO.swift */; };
		D2FEDF0F2BCAC7D1003529B3 /* SearchDetailsDTOToDomainConverter.swift in Sources */ = {isa = PBXBuildFile; fileRef = D2FEDF0E2BCAC7D1003529B3 /* SearchDetailsDTOToDomainConverter.swift */; };
		D2FEDF112BCAC80B003529B3 /* SearchDetailsDomainModel.swift in Sources */ = {isa = PBXBuildFile; fileRef = D2FEDF102BCAC80B003529B3 /* SearchDetailsDomainModel.swift */; };
		D2FEDF132BCAC88B003529B3 /* SearchDetailsFlowFactory.swift in Sources */ = {isa = PBXBuildFile; fileRef = D2FEDF122BCAC88B003529B3 /* SearchDetailsFlowFactory.swift */; };
		D2FEDF152BCAC8AC003529B3 /* SearchDetailsFlowDependenciesContainer.swift in Sources */ = {isa = PBXBuildFile; fileRef = D2FEDF142BCAC8AC003529B3 /* SearchDetailsFlowDependenciesContainer.swift */; };
		D2FEDF172BCAF009003529B3 /* SkeletonCollectionViewCell.swift in Sources */ = {isa = PBXBuildFile; fileRef = D2FEDF162BCAF009003529B3 /* SkeletonCollectionViewCell.swift */; };
/* End PBXBuildFile section */

/* Begin PBXContainerItemProxy section */
		D237930A2BC6A77300694576 /* PBXContainerItemProxy */ = {
			isa = PBXContainerItemProxy;
			containerPortal = D23792EB2BC6A77200694576 /* Project object */;
			proxyType = 1;
			remoteGlobalIDString = D23792F22BC6A77200694576;
			remoteInfo = searchMedia;
		};
		D23793142BC6A77300694576 /* PBXContainerItemProxy */ = {
			isa = PBXContainerItemProxy;
			containerPortal = D23792EB2BC6A77200694576 /* Project object */;
			proxyType = 1;
			remoteGlobalIDString = D23792F22BC6A77200694576;
			remoteInfo = searchMedia;
		};
/* End PBXContainerItemProxy section */

/* Begin PBXFileReference section */
		0A6A9E062C246094004C5958 /* UIView+Extensions.swift */ = {isa = PBXFileReference; lastKnownFileType = sourcecode.swift; path = "UIView+Extensions.swift"; sourceTree = "<group>"; };
		0A6A9E0F2C24C242004C5958 /* SearchMediaDetailsAssembly.swift */ = {isa = PBXFileReference; lastKnownFileType = sourcecode.swift; path = SearchMediaDetailsAssembly.swift; sourceTree = "<group>"; };
		0A6A9E112C24C24C004C5958 /* SearchMediaDetailsAssemblyImpl.swift */ = {isa = PBXFileReference; lastKnownFileType = sourcecode.swift; path = SearchMediaDetailsAssemblyImpl.swift; sourceTree = "<group>"; };
		0A6A9E132C24C25E004C5958 /* SearchMediaDetailsInteractor.swift */ = {isa = PBXFileReference; lastKnownFileType = sourcecode.swift; path = SearchMediaDetailsInteractor.swift; sourceTree = "<group>"; };
		0A6A9E152C24C29F004C5958 /* SearchMediaDetailsInteractorImpl.swift */ = {isa = PBXFileReference; lastKnownFileType = sourcecode.swift; path = SearchMediaDetailsInteractorImpl.swift; sourceTree = "<group>"; };
		0A6A9E172C24C2D3004C5958 /* SearchMediaDetailsPresenter.swift */ = {isa = PBXFileReference; lastKnownFileType = sourcecode.swift; path = SearchMediaDetailsPresenter.swift; sourceTree = "<group>"; };
		0A6A9E192C24C2F4004C5958 /* SearchMediaDetailsPresenterImpl.swift */ = {isa = PBXFileReference; lastKnownFileType = sourcecode.swift; path = SearchMediaDetailsPresenterImpl.swift; sourceTree = "<group>"; };
		0A6A9E1B2C24C303004C5958 /* SearchMediaDetailsRouter.swift */ = {isa = PBXFileReference; lastKnownFileType = sourcecode.swift; path = SearchMediaDetailsRouter.swift; sourceTree = "<group>"; };
		0A6A9E1D2C24C30F004C5958 /* SearchMediaDetailsRouterImpl.swift */ = {isa = PBXFileReference; lastKnownFileType = sourcecode.swift; path = SearchMediaDetailsRouterImpl.swift; sourceTree = "<group>"; };
		0A6A9E1F2C24C320004C5958 /* SearchMediaDetailsViewController.swift */ = {isa = PBXFileReference; lastKnownFileType = sourcecode.swift; path = SearchMediaDetailsViewController.swift; sourceTree = "<group>"; };
		0A6A9E222C24C349004C5958 /* SearchMediaDetailsView.swift */ = {isa = PBXFileReference; lastKnownFileType = sourcecode.swift; path = SearchMediaDetailsView.swift; sourceTree = "<group>"; };
		0A6A9E242C24C355004C5958 /* SearchMediaDetailsViewInput.swift */ = {isa = PBXFileReference; lastKnownFileType = sourcecode.swift; path = SearchMediaDetailsViewInput.swift; sourceTree = "<group>"; };
		0A6A9E592C24C6FC004C5958 /* SearchMediaPresenter.swift */ = {isa = PBXFileReference; fileEncoding = 4; lastKnownFileType = sourcecode.swift; path = SearchMediaPresenter.swift; sourceTree = "<group>"; };
		0A6A9E6F2C24C73C004C5958 /* SearchMediaAssembly.swift */ = {isa = PBXFileReference; fileEncoding = 4; lastKnownFileType = sourcecode.swift; name = SearchMediaAssembly.swift; path = ../../../../../../.Trash/SearchMediaAssembly.swift; sourceTree = "<group>"; };
		0A6A9E732C24C75D004C5958 /* SearchMediaViewController.swift */ = {isa = PBXFileReference; fileEncoding = 4; lastKnownFileType = sourcecode.swift; name = SearchMediaViewController.swift; path = ../SearchMediaViewController.swift; sourceTree = "<group>"; };
		0A6A9E762C24C75D004C5958 /* SearchMediaAssemblyImpl.swift */ = {isa = PBXFileReference; fileEncoding = 4; lastKnownFileType = sourcecode.swift; path = SearchMediaAssemblyImpl.swift; sourceTree = "<group>"; };
		0A6A9E772C24C75D004C5958 /* SearchMediaViewInput.swift */ = {isa = PBXFileReference; fileEncoding = 4; lastKnownFileType = sourcecode.swift; name = SearchMediaViewInput.swift; path = ../SearchMediaViewInput.swift; sourceTree = "<group>"; };
		0A6A9E7A2C24C75D004C5958 /* SearchMediaRouter.swift */ = {isa = PBXFileReference; fileEncoding = 4; lastKnownFileType = sourcecode.swift; name = SearchMediaRouter.swift; path = ../SearchMediaRouter.swift; sourceTree = "<group>"; };
		0A6A9E7B2C24C75D004C5958 /* SearchMediaRouterImp.swift */ = {isa = PBXFileReference; fileEncoding = 4; lastKnownFileType = sourcecode.swift; name = SearchMediaRouterImp.swift; path = ../SearchMediaRouterImp.swift; sourceTree = "<group>"; };
		0A6A9E7C2C24C75D004C5958 /* SearchMediaView.swift */ = {isa = PBXFileReference; fileEncoding = 4; lastKnownFileType = sourcecode.swift; name = SearchMediaView.swift; path = ../SearchMediaView.swift; sourceTree = "<group>"; };
		0A6A9E892C24C79A004C5958 /* SearchMediaInteractor.swift */ = {isa = PBXFileReference; fileEncoding = 4; lastKnownFileType = sourcecode.swift; name = SearchMediaInteractor.swift; path = ../../../../../../.Trash/SearchMediaInteractor.swift; sourceTree = "<group>"; };
		0A6A9E8B2C24C7EE004C5958 /* SearchMediaPresenterImpl.swift */ = {isa = PBXFileReference; fileEncoding = 4; lastKnownFileType = sourcecode.swift; name = SearchMediaPresenterImpl.swift; path = ../../../../../../.Trash/SearchMediaPresenterImpl.swift; sourceTree = "<group>"; };
		0A6A9E8D2C24C959004C5958 /* SearchMediaInteractorImp.swift */ = {isa = PBXFileReference; fileEncoding = 4; lastKnownFileType = sourcecode.swift; path = SearchMediaInteractorImp.swift; sourceTree = "<group>"; };
		0A6A9E902C24DA53004C5958 /* Collection + Extensions.swift */ = {isa = PBXFileReference; lastKnownFileType = sourcecode.swift; path = "Collection + Extensions.swift"; sourceTree = "<group>"; };
		0A6A9E922C25761E004C5958 /* SearchState.swift */ = {isa = PBXFileReference; lastKnownFileType = sourcecode.swift; path = SearchState.swift; sourceTree = "<group>"; };
		0A6A9ECC2C25A2B7004C5958 /* SearchCellType.swift */ = {isa = PBXFileReference; lastKnownFileType = sourcecode.swift; path = SearchCellType.swift; sourceTree = "<group>"; };
		0A6A9ECE2C272F3B004C5958 /* SearchDetailsHyperLinkType.swift */ = {isa = PBXFileReference; lastKnownFileType = sourcecode.swift; path = SearchDetailsHyperLinkType.swift; sourceTree = "<group>"; };
		D23792F32BC6A77200694576 /* searchMedia.app */ = {isa = PBXFileReference; explicitFileType = wrapper.application; includeInIndex = 0; path = searchMedia.app; sourceTree = BUILT_PRODUCTS_DIR; };
		D23792F62BC6A77200694576 /* AppDelegate.swift */ = {isa = PBXFileReference; lastKnownFileType = sourcecode.swift; path = AppDelegate.swift; sourceTree = "<group>"; };
		D23792F82BC6A77200694576 /* SceneDelegate.swift */ = {isa = PBXFileReference; lastKnownFileType = sourcecode.swift; path = SceneDelegate.swift; sourceTree = "<group>"; };
		D23792FA2BC6A77200694576 /* SearchViewController.swift */ = {isa = PBXFileReference; lastKnownFileType = sourcecode.swift; path = SearchViewController.swift; sourceTree = "<group>"; };
		D23792FF2BC6A77300694576 /* Assets.xcassets */ = {isa = PBXFileReference; lastKnownFileType = folder.assetcatalog; path = Assets.xcassets; sourceTree = "<group>"; };
		D23793022BC6A77300694576 /* Base */ = {isa = PBXFileReference; lastKnownFileType = file.storyboard; name = Base; path = Base.lproj/LaunchScreen.storyboard; sourceTree = "<group>"; };
		D23793042BC6A77300694576 /* Info.plist */ = {isa = PBXFileReference; lastKnownFileType = text.plist.xml; path = Info.plist; sourceTree = "<group>"; };
		D23793092BC6A77300694576 /* searchMediaTests.xctest */ = {isa = PBXFileReference; explicitFileType = wrapper.cfbundle; includeInIndex = 0; path = searchMediaTests.xctest; sourceTree = BUILT_PRODUCTS_DIR; };
		D237930D2BC6A77300694576 /* searchMediaTests.swift */ = {isa = PBXFileReference; lastKnownFileType = sourcecode.swift; path = searchMediaTests.swift; sourceTree = "<group>"; };
		D23793132BC6A77300694576 /* searchMediaUITests.xctest */ = {isa = PBXFileReference; explicitFileType = wrapper.cfbundle; includeInIndex = 0; path = searchMediaUITests.xctest; sourceTree = BUILT_PRODUCTS_DIR; };
		D23793172BC6A77300694576 /* searchMediaUITests.swift */ = {isa = PBXFileReference; lastKnownFileType = sourcecode.swift; path = searchMediaUITests.swift; sourceTree = "<group>"; };
		D23793192BC6A77300694576 /* searchMediaUITestsLaunchTests.swift */ = {isa = PBXFileReference; lastKnownFileType = sourcecode.swift; path = searchMediaUITestsLaunchTests.swift; sourceTree = "<group>"; };
		D23793292BC6B39B00694576 /* SearchPresenter.swift */ = {isa = PBXFileReference; lastKnownFileType = sourcecode.swift; path = SearchPresenter.swift; sourceTree = "<group>"; };
		D237932C2BC6B47E00694576 /* SearchFlowFactory.swift */ = {isa = PBXFileReference; lastKnownFileType = sourcecode.swift; path = SearchFlowFactory.swift; sourceTree = "<group>"; };
		D237932E2BC6B4EE00694576 /* AppCoordinator.swift */ = {isa = PBXFileReference; lastKnownFileType = sourcecode.swift; path = AppCoordinator.swift; sourceTree = "<group>"; };
		D2FEDEF32BC7F7A2003529B3 /* SearchCollectionViewCell.swift */ = {isa = PBXFileReference; lastKnownFileType = sourcecode.swift; path = SearchCollectionViewCell.swift; sourceTree = "<group>"; };
		D2FEDEF62BC7FA17003529B3 /* HistoryCollectionViewCell.swift */ = {isa = PBXFileReference; lastKnownFileType = sourcecode.swift; path = HistoryCollectionViewCell.swift; sourceTree = "<group>"; };
		D2FEDEF92BC95368003529B3 /* NetworkAPI.swift */ = {isa = PBXFileReference; lastKnownFileType = sourcecode.swift; path = NetworkAPI.swift; sourceTree = "<group>"; };
		D2FEDEFB2BC95398003529B3 /* NetworkClient.swift */ = {isa = PBXFileReference; lastKnownFileType = sourcecode.swift; path = NetworkClient.swift; sourceTree = "<group>"; };
		D2FEDEFE2BC998FE003529B3 /* SearchResult.swift */ = {isa = PBXFileReference; lastKnownFileType = sourcecode.swift; path = SearchResult.swift; sourceTree = "<group>"; };
		D2FEDF002BC999B0003529B3 /* SearchParams.swift */ = {isa = PBXFileReference; lastKnownFileType = sourcecode.swift; path = SearchParams.swift; sourceTree = "<group>"; };
		D2FEDF022BC9BC35003529B3 /* ImagesProvider.swift */ = {isa = PBXFileReference; lastKnownFileType = sourcecode.swift; path = ImagesProvider.swift; sourceTree = "<group>"; };
		D2FEDF042BCAC626003529B3 /* SearchDetailsViewController.swift */ = {isa = PBXFileReference; lastKnownFileType = sourcecode.swift; path = SearchDetailsViewController.swift; sourceTree = "<group>"; };
		D2FEDF072BCAC6C5003529B3 /* SearchDetailsPresenter.swift */ = {isa = PBXFileReference; lastKnownFileType = sourcecode.swift; path = SearchDetailsPresenter.swift; sourceTree = "<group>"; };
		D2FEDF092BCAC70A003529B3 /* SearchDetailsViewModel.swift */ = {isa = PBXFileReference; lastKnownFileType = sourcecode.swift; path = SearchDetailsViewModel.swift; sourceTree = "<group>"; };
		D2FEDF0C2BCAC7C7003529B3 /* SearchDetailsDTO.swift */ = {isa = PBXFileReference; lastKnownFileType = sourcecode.swift; path = SearchDetailsDTO.swift; sourceTree = "<group>"; };
		D2FEDF0E2BCAC7D1003529B3 /* SearchDetailsDTOToDomainConverter.swift */ = {isa = PBXFileReference; lastKnownFileType = sourcecode.swift; path = SearchDetailsDTOToDomainConverter.swift; sourceTree = "<group>"; };
		D2FEDF102BCAC80B003529B3 /* SearchDetailsDomainModel.swift */ = {isa = PBXFileReference; lastKnownFileType = sourcecode.swift; path = SearchDetailsDomainModel.swift; sourceTree = "<group>"; };
		D2FEDF122BCAC88B003529B3 /* SearchDetailsFlowFactory.swift */ = {isa = PBXFileReference; lastKnownFileType = sourcecode.swift; path = SearchDetailsFlowFactory.swift; sourceTree = "<group>"; };
		D2FEDF142BCAC8AC003529B3 /* SearchDetailsFlowDependenciesContainer.swift */ = {isa = PBXFileReference; lastKnownFileType = sourcecode.swift; path = SearchDetailsFlowDependenciesContainer.swift; sourceTree = "<group>"; };
		D2FEDF162BCAF009003529B3 /* SkeletonCollectionViewCell.swift */ = {isa = PBXFileReference; lastKnownFileType = sourcecode.swift; path = SkeletonCollectionViewCell.swift; sourceTree = "<group>"; };
/* End PBXFileReference section */

/* Begin PBXFrameworksBuildPhase section */
		D23792F02BC6A77200694576 /* Frameworks */ = {
			isa = PBXFrameworksBuildPhase;
			buildActionMask = 2147483647;
			files = (
			);
			runOnlyForDeploymentPostprocessing = 0;
		};
		D23793062BC6A77300694576 /* Frameworks */ = {
			isa = PBXFrameworksBuildPhase;
			buildActionMask = 2147483647;
			files = (
			);
			runOnlyForDeploymentPostprocessing = 0;
		};
		D23793102BC6A77300694576 /* Frameworks */ = {
			isa = PBXFrameworksBuildPhase;
			buildActionMask = 2147483647;
			files = (
			);
			runOnlyForDeploymentPostprocessing = 0;
		};
/* End PBXFrameworksBuildPhase section */

/* Begin PBXGroup section */
		0A6A9E002C245F23004C5958 /* UIKitAdditions */ = {
			isa = PBXGroup;
			children = (
				0A6A9E062C246094004C5958 /* UIView+Extensions.swift */,
				0A6A9E902C24DA53004C5958 /* Collection + Extensions.swift */,
			);
			path = UIKitAdditions;
			sourceTree = "<group>";
		};
		0A6A9E082C24C1D9004C5958 /* searchMediaDetails */ = {
			isa = PBXGroup;
			children = (
				D2FEDF142BCAC8AC003529B3 /* SearchDetailsFlowDependenciesContainer.swift */,
				D2FEDF062BCAC6AE003529B3 /* Domain */,
				0A6A9E0D2C24C213004C5958 /* Assembly */,
				0A6A9E0C2C24C208004C5958 /* Interactor */,
				0A6A9E0B2C24C200004C5958 /* Presenter */,
				0A6A9E0A2C24C1F7004C5958 /* Router */,
				0A6A9E092C24C1EE004C5958 /* View */,
				D2FEDF0B2BCAC7AC003529B3 /* SAL */,
				0A6A9ECE2C272F3B004C5958 /* SearchDetailsHyperLinkType.swift */,
			);
			path = searchMediaDetails;
			sourceTree = "<group>";
		};
		0A6A9E092C24C1EE004C5958 /* View */ = {
			isa = PBXGroup;
			children = (
				0A6A9E1F2C24C320004C5958 /* SearchMediaDetailsViewController.swift */,
				0A6A9E222C24C349004C5958 /* SearchMediaDetailsView.swift */,
				0A6A9E242C24C355004C5958 /* SearchMediaDetailsViewInput.swift */,
			);
			path = View;
			sourceTree = "<group>";
		};
		0A6A9E0A2C24C1F7004C5958 /* Router */ = {
			isa = PBXGroup;
			children = (
				0A6A9E1B2C24C303004C5958 /* SearchMediaDetailsRouter.swift */,
				0A6A9E1D2C24C30F004C5958 /* SearchMediaDetailsRouterImpl.swift */,
			);
			path = Router;
			sourceTree = "<group>";
		};
		0A6A9E0B2C24C200004C5958 /* Presenter */ = {
			isa = PBXGroup;
			children = (
				0A6A9E172C24C2D3004C5958 /* SearchMediaDetailsPresenter.swift */,
				0A6A9E192C24C2F4004C5958 /* SearchMediaDetailsPresenterImpl.swift */,
			);
			path = Presenter;
			sourceTree = "<group>";
		};
		0A6A9E0C2C24C208004C5958 /* Interactor */ = {
			isa = PBXGroup;
			children = (
				0A6A9E132C24C25E004C5958 /* SearchMediaDetailsInteractor.swift */,
				0A6A9E152C24C29F004C5958 /* SearchMediaDetailsInteractorImpl.swift */,
			);
			path = Interactor;
			sourceTree = "<group>";
		};
		0A6A9E0D2C24C213004C5958 /* Assembly */ = {
			isa = PBXGroup;
			children = (
				0A6A9E0F2C24C242004C5958 /* SearchMediaDetailsAssembly.swift */,
				0A6A9E112C24C24C004C5958 /* SearchMediaDetailsAssemblyImpl.swift */,
			);
			path = Assembly;
			sourceTree = "<group>";
		};
		0A6A9E0E2C24C227004C5958 /* Modules */ = {
			isa = PBXGroup;
			children = (
				0A6A9E082C24C1D9004C5958 /* searchMediaDetails */,
				D23792F52BC6A77200694576 /* searchMedia */,
			);
			path = Modules;
			sourceTree = "<group>";
		};
		0A6A9E532C24C6FB004C5958 /* Assembly */ = {
			isa = PBXGroup;
			children = (
				0A6A9E762C24C75D004C5958 /* SearchMediaAssemblyImpl.swift */,
				0A6A9E6F2C24C73C004C5958 /* SearchMediaAssembly.swift */,
			);
			path = Assembly;
			sourceTree = "<group>";
		};
		0A6A9E582C24C6FC004C5958 /* Interactor */ = {
			isa = PBXGroup;
			children = (
				0A6A9E8D2C24C959004C5958 /* SearchMediaInteractorImp.swift */,
				0A6A9E892C24C79A004C5958 /* SearchMediaInteractor.swift */,
			);
			path = Interactor;
			sourceTree = "<group>";
		};
		0A6A9E5B2C24C6FC004C5958 /* Presenter */ = {
			isa = PBXGroup;
			children = (
				0A6A9E8B2C24C7EE004C5958 /* SearchMediaPresenterImpl.swift */,
				0A6A9E592C24C6FC004C5958 /* SearchMediaPresenter.swift */,
				0A6A9ECC2C25A2B7004C5958 /* SearchCellType.swift */,
			);
			path = Presenter;
			sourceTree = "<group>";
		};
		0A6A9E5E2C24C6FC004C5958 /* Router */ = {
			isa = PBXGroup;
			children = (
				0A6A9E7A2C24C75D004C5958 /* SearchMediaRouter.swift */,
				0A6A9E7B2C24C75D004C5958 /* SearchMediaRouterImp.swift */,
			);
			path = Router;
			sourceTree = "<group>";
		};
		0A6A9E622C24C6FC004C5958 /* View */ = {
			isa = PBXGroup;
			children = (
				0A6A9E8F2C24C9A6004C5958 /* Cells */,
				0A6A9E772C24C75D004C5958 /* SearchMediaViewInput.swift */,
				0A6A9E7C2C24C75D004C5958 /* SearchMediaView.swift */,
				0A6A9E732C24C75D004C5958 /* SearchMediaViewController.swift */,
			);
			path = View;
			sourceTree = "<group>";
		};
		0A6A9E8F2C24C9A6004C5958 /* Cells */ = {
			isa = PBXGroup;
			children = (
				D2FEDEF32BC7F7A2003529B3 /* SearchCollectionViewCell.swift */,
				D2FEDEF62BC7FA17003529B3 /* HistoryCollectionViewCell.swift */,
				D2FEDF162BCAF009003529B3 /* SkeletonCollectionViewCell.swift */,
			);
			path = Cells;
			sourceTree = "<group>";
		};
		D23792EA2BC6A77200694576 = {
			isa = PBXGroup;
			children = (
				D23793042BC6A77300694576 /* Info.plist */,
				D23792F82BC6A77200694576 /* SceneDelegate.swift */,
				D23792F62BC6A77200694576 /* AppDelegate.swift */,
				D2FEDEF82BC95344003529B3 /* Services */,
				0A6A9E0E2C24C227004C5958 /* Modules */,
				D23793262BC6A85700694576 /* Flows */,
				D23792FF2BC6A77300694576 /* Assets.xcassets */,
				D23793012BC6A77300694576 /* LaunchScreen.storyboard */,
				0A6A9E002C245F23004C5958 /* UIKitAdditions */,
				D237930C2BC6A77300694576 /* searchMediaTests */,
				D23793162BC6A77300694576 /* searchMediaUITests */,
				D23792F42BC6A77200694576 /* Products */,
			);
			sourceTree = "<group>";
		};
		D23792F42BC6A77200694576 /* Products */ = {
			isa = PBXGroup;
			children = (
				D23792F32BC6A77200694576 /* searchMedia.app */,
				D23793092BC6A77300694576 /* searchMediaTests.xctest */,
				D23793132BC6A77300694576 /* searchMediaUITests.xctest */,
			);
			name = Products;
			sourceTree = "<group>";
		};
		D23792F52BC6A77200694576 /* searchMedia */ = {
			isa = PBXGroup;
			children = (
				0A6A9E532C24C6FB004C5958 /* Assembly */,
				0A6A9E582C24C6FC004C5958 /* Interactor */,
				0A6A9E5B2C24C6FC004C5958 /* Presenter */,
				0A6A9E5E2C24C6FC004C5958 /* Router */,
				0A6A9E622C24C6FC004C5958 /* View */,
				D2FEDEFD2BC998DC003529B3 /* SAL */,
			);
			path = searchMedia;
			sourceTree = "<group>";
		};
		D237930C2BC6A77300694576 /* searchMediaTests */ = {
			isa = PBXGroup;
			children = (
				D237930D2BC6A77300694576 /* searchMediaTests.swift */,
			);
			path = searchMediaTests;
			sourceTree = "<group>";
		};
		D23793162BC6A77300694576 /* searchMediaUITests */ = {
			isa = PBXGroup;
			children = (
				D23793172BC6A77300694576 /* searchMediaUITests.swift */,
				D23793192BC6A77300694576 /* searchMediaUITestsLaunchTests.swift */,
			);
			path = searchMediaUITests;
			sourceTree = "<group>";
		};
		D23793262BC6A85700694576 /* Flows */ = {
			isa = PBXGroup;
			children = (
				D237932E2BC6B4EE00694576 /* AppCoordinator.swift */,
				D23793272BC6A86A00694576 /* Search */,
				D23793282BC6A8E300694576 /* SearchDetails */,
			);
			path = Flows;
			sourceTree = "<group>";
		};
		D23793272BC6A86A00694576 /* Search */ = {
			isa = PBXGroup;
			children = (
				D2FEDEF52BC7F9F8003529B3 /* UI */,
				D23792FA2BC6A77200694576 /* SearchViewController.swift */,
				D23793292BC6B39B00694576 /* SearchPresenter.swift */,
				D237932C2BC6B47E00694576 /* SearchFlowFactory.swift */,
			);
			path = Search;
			sourceTree = "<group>";
		};
		D23793282BC6A8E300694576 /* SearchDetails */ = {
			isa = PBXGroup;
			children = (
				D2FEDF042BCAC626003529B3 /* SearchDetailsViewController.swift */,
				D2FEDF072BCAC6C5003529B3 /* SearchDetailsPresenter.swift */,
				D2FEDF122BCAC88B003529B3 /* SearchDetailsFlowFactory.swift */,
			);
			path = SearchDetails;
			sourceTree = "<group>";
		};
		D2FEDEF52BC7F9F8003529B3 /* UI */ = {
			isa = PBXGroup;
			children = (
			);
			path = UI;
			sourceTree = "<group>";
		};
		D2FEDEF82BC95344003529B3 /* Services */ = {
			isa = PBXGroup;
			children = (
				D2FEDEF92BC95368003529B3 /* NetworkAPI.swift */,
				D2FEDEFB2BC95398003529B3 /* NetworkClient.swift */,
				D2FEDF022BC9BC35003529B3 /* ImagesProvider.swift */,
			);
			path = Services;
			sourceTree = "<group>";
		};
		D2FEDEFD2BC998DC003529B3 /* SAL */ = {
			isa = PBXGroup;
			children = (
				D2FEDEFE2BC998FE003529B3 /* SearchResult.swift */,
				D2FEDF002BC999B0003529B3 /* SearchParams.swift */,
			);
			path = SAL;
			sourceTree = "<group>";
		};
		D2FEDF062BCAC6AE003529B3 /* Domain */ = {
			isa = PBXGroup;
			children = (
				D2FEDF102BCAC80B003529B3 /* SearchDetailsDomainModel.swift */,
				D2FEDF092BCAC70A003529B3 /* SearchDetailsViewModel.swift */,
			);
			path = Domain;
			sourceTree = "<group>";
		};
		D2FEDF0B2BCAC7AC003529B3 /* SAL */ = {
			isa = PBXGroup;
			children = (
				D2FEDF0C2BCAC7C7003529B3 /* SearchDetailsDTO.swift */,
				D2FEDF0E2BCAC7D1003529B3 /* SearchDetailsDTOToDomainConverter.swift */,
				0A6A9E922C25761E004C5958 /* SearchState.swift */,
			);
			path = SAL;
			sourceTree = "<group>";
		};
/* End PBXGroup section */

/* Begin PBXNativeTarget section */
		D23792F22BC6A77200694576 /* searchMedia */ = {
			isa = PBXNativeTarget;
			buildConfigurationList = D237931D2BC6A77300694576 /* Build configuration list for PBXNativeTarget "searchMedia" */;
			buildPhases = (
				D23792EF2BC6A77200694576 /* Sources */,
				D23792F02BC6A77200694576 /* Frameworks */,
				D23792F12BC6A77200694576 /* Resources */,
			);
			buildRules = (
			);
			dependencies = (
			);
			name = searchMedia;
			productName = searchMedia;
			productReference = D23792F32BC6A77200694576 /* searchMedia.app */;
			productType = "com.apple.product-type.application";
		};
		D23793082BC6A77300694576 /* searchMediaTests */ = {
			isa = PBXNativeTarget;
			buildConfigurationList = D23793202BC6A77300694576 /* Build configuration list for PBXNativeTarget "searchMediaTests" */;
			buildPhases = (
				D23793052BC6A77300694576 /* Sources */,
				D23793062BC6A77300694576 /* Frameworks */,
				D23793072BC6A77300694576 /* Resources */,
			);
			buildRules = (
			);
			dependencies = (
				D237930B2BC6A77300694576 /* PBXTargetDependency */,
			);
			name = searchMediaTests;
			productName = searchMediaTests;
			productReference = D23793092BC6A77300694576 /* searchMediaTests.xctest */;
			productType = "com.apple.product-type.bundle.unit-test";
		};
		D23793122BC6A77300694576 /* searchMediaUITests */ = {
			isa = PBXNativeTarget;
			buildConfigurationList = D23793232BC6A77300694576 /* Build configuration list for PBXNativeTarget "searchMediaUITests" */;
			buildPhases = (
				D237930F2BC6A77300694576 /* Sources */,
				D23793102BC6A77300694576 /* Frameworks */,
				D23793112BC6A77300694576 /* Resources */,
			);
			buildRules = (
			);
			dependencies = (
				D23793152BC6A77300694576 /* PBXTargetDependency */,
			);
			name = searchMediaUITests;
			productName = searchMediaUITests;
			productReference = D23793132BC6A77300694576 /* searchMediaUITests.xctest */;
			productType = "com.apple.product-type.bundle.ui-testing";
		};
/* End PBXNativeTarget section */

/* Begin PBXProject section */
		D23792EB2BC6A77200694576 /* Project object */ = {
			isa = PBXProject;
			attributes = {
				BuildIndependentTargetsInParallel = 1;
				LastSwiftUpdateCheck = 1520;
				LastUpgradeCheck = 1520;
				TargetAttributes = {
					D23792F22BC6A77200694576 = {
						CreatedOnToolsVersion = 15.2;
					};
					D23793082BC6A77300694576 = {
						CreatedOnToolsVersion = 15.2;
						TestTargetID = D23792F22BC6A77200694576;
					};
					D23793122BC6A77300694576 = {
						CreatedOnToolsVersion = 15.2;
						TestTargetID = D23792F22BC6A77200694576;
					};
				};
			};
			buildConfigurationList = D23792EE2BC6A77200694576 /* Build configuration list for PBXProject "searchMedia" */;
			compatibilityVersion = "Xcode 14.0";
			developmentRegion = en;
			hasScannedForEncodings = 0;
			knownRegions = (
				en,
				Base,
			);
			mainGroup = D23792EA2BC6A77200694576;
			productRefGroup = D23792F42BC6A77200694576 /* Products */;
			projectDirPath = "";
			projectRoot = "";
			targets = (
				D23792F22BC6A77200694576 /* searchMedia */,
				D23793082BC6A77300694576 /* searchMediaTests */,
				D23793122BC6A77300694576 /* searchMediaUITests */,
			);
		};
/* End PBXProject section */

/* Begin PBXResourcesBuildPhase section */
		D23792F12BC6A77200694576 /* Resources */ = {
			isa = PBXResourcesBuildPhase;
			buildActionMask = 2147483647;
			files = (
				D23793032BC6A77300694576 /* LaunchScreen.storyboard in Resources */,
				D23793002BC6A77300694576 /* Assets.xcassets in Resources */,
			);
			runOnlyForDeploymentPostprocessing = 0;
		};
		D23793072BC6A77300694576 /* Resources */ = {
			isa = PBXResourcesBuildPhase;
			buildActionMask = 2147483647;
			files = (
			);
			runOnlyForDeploymentPostprocessing = 0;
		};
		D23793112BC6A77300694576 /* Resources */ = {
			isa = PBXResourcesBuildPhase;
			buildActionMask = 2147483647;
			files = (
			);
			runOnlyForDeploymentPostprocessing = 0;
		};
/* End PBXResourcesBuildPhase section */

/* Begin PBXSourcesBuildPhase section */
		D23792EF2BC6A77200694576 /* Sources */ = {
			isa = PBXSourcesBuildPhase;
			buildActionMask = 2147483647;
			files = (
				0A6A9E8E2C24C959004C5958 /* SearchMediaInteractorImp.swift in Sources */,
				0A6A9E142C24C25E004C5958 /* SearchMediaDetailsInteractor.swift in Sources */,
				0A6A9E912C24DA53004C5958 /* Collection + Extensions.swift in Sources */,
				0A6A9ECF2C272F3B004C5958 /* SearchDetailsHyperLinkType.swift in Sources */,
				0A6A9E162C24C29F004C5958 /* SearchMediaDetailsInteractorImpl.swift in Sources */,
				D2FEDEFF2BC998FE003529B3 /* SearchResult.swift in Sources */,
				D237932F2BC6B4EE00694576 /* AppCoordinator.swift in Sources */,
				0A6A9E1A2C24C2F4004C5958 /* SearchMediaDetailsPresenterImpl.swift in Sources */,
				D2FEDEFC2BC95398003529B3 /* NetworkClient.swift in Sources */,
				0A6A9E862C24C75D004C5958 /* SearchMediaRouter.swift in Sources */,
				D2FEDF052BCAC626003529B3 /* SearchDetailsViewController.swift in Sources */,
				0A6A9E072C246094004C5958 /* UIView+Extensions.swift in Sources */,
				D23792FB2BC6A77200694576 /* SearchViewController.swift in Sources */,
				0A6A9E832C24C75D004C5958 /* SearchMediaViewInput.swift in Sources */,
				0A6A9E252C24C355004C5958 /* SearchMediaDetailsViewInput.swift in Sources */,
				0A6A9E8C2C24C7EE004C5958 /* SearchMediaPresenterImpl.swift in Sources */,
				0A6A9E932C25761E004C5958 /* SearchState.swift in Sources */,
				D2FEDF0D2BCAC7C7003529B3 /* SearchDetailsDTO.swift in Sources */,
				0A6A9E682C24C6FC004C5958 /* SearchMediaPresenter.swift in Sources */,
				0A6A9E882C24C75D004C5958 /* SearchMediaView.swift in Sources */,
				0A6A9E872C24C75D004C5958 /* SearchMediaRouterImp.swift in Sources */,
				D2FEDF172BCAF009003529B3 /* SkeletonCollectionViewCell.swift in Sources */,
				D2FEDEFA2BC95368003529B3 /* NetworkAPI.swift in Sources */,
				0A6A9E182C24C2D3004C5958 /* SearchMediaDetailsPresenter.swift in Sources */,
				D2FEDF0F2BCAC7D1003529B3 /* SearchDetailsDTOToDomainConverter.swift in Sources */,
				D23792F72BC6A77200694576 /* AppDelegate.swift in Sources */,
				D2FEDF132BCAC88B003529B3 /* SearchDetailsFlowFactory.swift in Sources */,
				0A6A9E102C24C242004C5958 /* SearchMediaDetailsAssembly.swift in Sources */,
				0A6A9E1E2C24C30F004C5958 /* SearchMediaDetailsRouterImpl.swift in Sources */,
				D2FEDEF72BC7FA17003529B3 /* HistoryCollectionViewCell.swift in Sources */,
				0A6A9E1C2C24C303004C5958 /* SearchMediaDetailsRouter.swift in Sources */,
				0A6A9E122C24C24C004C5958 /* SearchMediaDetailsAssemblyImpl.swift in Sources */,
				D2FEDF152BCAC8AC003529B3 /* SearchDetailsFlowDependenciesContainer.swift in Sources */,
				0A6A9E202C24C320004C5958 /* SearchMediaDetailsViewController.swift in Sources */,
				0A6A9E232C24C349004C5958 /* SearchMediaDetailsView.swift in Sources */,
				D2FEDF012BC999B0003529B3 /* SearchParams.swift in Sources */,
				D2FEDF112BCAC80B003529B3 /* SearchDetailsDomainModel.swift in Sources */,
				0A6A9E8A2C24C79A004C5958 /* SearchMediaInteractor.swift in Sources */,
				D237932A2BC6B39B00694576 /* SearchPresenter.swift in Sources */,
				D237932D2BC6B47E00694576 /* SearchFlowFactory.swift in Sources */,
				D2FEDF082BCAC6C5003529B3 /* SearchDetailsPresenter.swift in Sources */,
				0A6A9E702C24C73C004C5958 /* SearchMediaAssembly.swift in Sources */,
				D2FEDEF42BC7F7A2003529B3 /* SearchCollectionViewCell.swift in Sources */,
				0A6A9E7F2C24C75D004C5958 /* SearchMediaViewController.swift in Sources */,
				0A6A9E822C24C75D004C5958 /* SearchMediaAssemblyImpl.swift in Sources */,
				D2FEDF032BC9BC35003529B3 /* ImagesProvider.swift in Sources */,
				0A6A9ECD2C25A2B8004C5958 /* SearchCellType.swift in Sources */,
				D23792F92BC6A77200694576 /* SceneDelegate.swift in Sources */,
				D2FEDF0A2BCAC70A003529B3 /* SearchDetailsViewModel.swift in Sources */,
			);
			runOnlyForDeploymentPostprocessing = 0;
		};
		D23793052BC6A77300694576 /* Sources */ = {
			isa = PBXSourcesBuildPhase;
			buildActionMask = 2147483647;
			files = (
				D237930E2BC6A77300694576 /* searchMediaTests.swift in Sources */,
			);
			runOnlyForDeploymentPostprocessing = 0;
		};
		D237930F2BC6A77300694576 /* Sources */ = {
			isa = PBXSourcesBuildPhase;
			buildActionMask = 2147483647;
			files = (
				D23793182BC6A77300694576 /* searchMediaUITests.swift in Sources */,
				D237931A2BC6A77300694576 /* searchMediaUITestsLaunchTests.swift in Sources */,
			);
			runOnlyForDeploymentPostprocessing = 0;
		};
/* End PBXSourcesBuildPhase section */

/* Begin PBXTargetDependency section */
		D237930B2BC6A77300694576 /* PBXTargetDependency */ = {
			isa = PBXTargetDependency;
			target = D23792F22BC6A77200694576 /* searchMedia */;
			targetProxy = D237930A2BC6A77300694576 /* PBXContainerItemProxy */;
		};
		D23793152BC6A77300694576 /* PBXTargetDependency */ = {
			isa = PBXTargetDependency;
			target = D23792F22BC6A77200694576 /* searchMedia */;
			targetProxy = D23793142BC6A77300694576 /* PBXContainerItemProxy */;
		};
/* End PBXTargetDependency section */

/* Begin PBXVariantGroup section */
		D23793012BC6A77300694576 /* LaunchScreen.storyboard */ = {
			isa = PBXVariantGroup;
			children = (
				D23793022BC6A77300694576 /* Base */,
			);
			name = LaunchScreen.storyboard;
			sourceTree = "<group>";
		};
/* End PBXVariantGroup section */

/* Begin XCBuildConfiguration section */
		D237931B2BC6A77300694576 /* Debug */ = {
			isa = XCBuildConfiguration;
			buildSettings = {
				ALWAYS_SEARCH_USER_PATHS = NO;
				ASSETCATALOG_COMPILER_GENERATE_SWIFT_ASSET_SYMBOL_EXTENSIONS = YES;
				CLANG_ANALYZER_NONNULL = YES;
				CLANG_ANALYZER_NUMBER_OBJECT_CONVERSION = YES_AGGRESSIVE;
				CLANG_CXX_LANGUAGE_STANDARD = "gnu++20";
				CLANG_ENABLE_MODULES = YES;
				CLANG_ENABLE_OBJC_ARC = YES;
				CLANG_ENABLE_OBJC_WEAK = YES;
				CLANG_WARN_BLOCK_CAPTURE_AUTORELEASING = YES;
				CLANG_WARN_BOOL_CONVERSION = YES;
				CLANG_WARN_COMMA = YES;
				CLANG_WARN_CONSTANT_CONVERSION = YES;
				CLANG_WARN_DEPRECATED_OBJC_IMPLEMENTATIONS = YES;
				CLANG_WARN_DIRECT_OBJC_ISA_USAGE = YES_ERROR;
				CLANG_WARN_DOCUMENTATION_COMMENTS = YES;
				CLANG_WARN_EMPTY_BODY = YES;
				CLANG_WARN_ENUM_CONVERSION = YES;
				CLANG_WARN_INFINITE_RECURSION = YES;
				CLANG_WARN_INT_CONVERSION = YES;
				CLANG_WARN_NON_LITERAL_NULL_CONVERSION = YES;
				CLANG_WARN_OBJC_IMPLICIT_RETAIN_SELF = YES;
				CLANG_WARN_OBJC_LITERAL_CONVERSION = YES;
				CLANG_WARN_OBJC_ROOT_CLASS = YES_ERROR;
				CLANG_WARN_QUOTED_INCLUDE_IN_FRAMEWORK_HEADER = YES;
				CLANG_WARN_RANGE_LOOP_ANALYSIS = YES;
				CLANG_WARN_STRICT_PROTOTYPES = YES;
				CLANG_WARN_SUSPICIOUS_MOVE = YES;
				CLANG_WARN_UNGUARDED_AVAILABILITY = YES_AGGRESSIVE;
				CLANG_WARN_UNREACHABLE_CODE = YES;
				CLANG_WARN__DUPLICATE_METHOD_MATCH = YES;
				COPY_PHASE_STRIP = NO;
				DEBUG_INFORMATION_FORMAT = dwarf;
				ENABLE_STRICT_OBJC_MSGSEND = YES;
				ENABLE_TESTABILITY = YES;
				ENABLE_USER_SCRIPT_SANDBOXING = YES;
				GCC_C_LANGUAGE_STANDARD = gnu17;
				GCC_DYNAMIC_NO_PIC = NO;
				GCC_NO_COMMON_BLOCKS = YES;
				GCC_OPTIMIZATION_LEVEL = 0;
				GCC_PREPROCESSOR_DEFINITIONS = (
					"DEBUG=1",
					"$(inherited)",
				);
				GCC_WARN_64_TO_32_BIT_CONVERSION = YES;
				GCC_WARN_ABOUT_RETURN_TYPE = YES_ERROR;
				GCC_WARN_UNDECLARED_SELECTOR = YES;
				GCC_WARN_UNINITIALIZED_AUTOS = YES_AGGRESSIVE;
				GCC_WARN_UNUSED_FUNCTION = YES;
				GCC_WARN_UNUSED_VARIABLE = YES;
				INFOPLIST_FILE = Info.plist;
				IPHONEOS_DEPLOYMENT_TARGET = 16.0;
				LOCALIZATION_PREFERS_STRING_CATALOGS = YES;
				MTL_ENABLE_DEBUG_INFO = INCLUDE_SOURCE;
				MTL_FAST_MATH = YES;
				ONLY_ACTIVE_ARCH = YES;
				SDKROOT = iphoneos;
				SWIFT_ACTIVE_COMPILATION_CONDITIONS = "DEBUG $(inherited)";
				SWIFT_OPTIMIZATION_LEVEL = "-Onone";
			};
			name = Debug;
		};
		D237931C2BC6A77300694576 /* Release */ = {
			isa = XCBuildConfiguration;
			buildSettings = {
				ALWAYS_SEARCH_USER_PATHS = NO;
				ASSETCATALOG_COMPILER_GENERATE_SWIFT_ASSET_SYMBOL_EXTENSIONS = YES;
				CLANG_ANALYZER_NONNULL = YES;
				CLANG_ANALYZER_NUMBER_OBJECT_CONVERSION = YES_AGGRESSIVE;
				CLANG_CXX_LANGUAGE_STANDARD = "gnu++20";
				CLANG_ENABLE_MODULES = YES;
				CLANG_ENABLE_OBJC_ARC = YES;
				CLANG_ENABLE_OBJC_WEAK = YES;
				CLANG_WARN_BLOCK_CAPTURE_AUTORELEASING = YES;
				CLANG_WARN_BOOL_CONVERSION = YES;
				CLANG_WARN_COMMA = YES;
				CLANG_WARN_CONSTANT_CONVERSION = YES;
				CLANG_WARN_DEPRECATED_OBJC_IMPLEMENTATIONS = YES;
				CLANG_WARN_DIRECT_OBJC_ISA_USAGE = YES_ERROR;
				CLANG_WARN_DOCUMENTATION_COMMENTS = YES;
				CLANG_WARN_EMPTY_BODY = YES;
				CLANG_WARN_ENUM_CONVERSION = YES;
				CLANG_WARN_INFINITE_RECURSION = YES;
				CLANG_WARN_INT_CONVERSION = YES;
				CLANG_WARN_NON_LITERAL_NULL_CONVERSION = YES;
				CLANG_WARN_OBJC_IMPLICIT_RETAIN_SELF = YES;
				CLANG_WARN_OBJC_LITERAL_CONVERSION = YES;
				CLANG_WARN_OBJC_ROOT_CLASS = YES_ERROR;
				CLANG_WARN_QUOTED_INCLUDE_IN_FRAMEWORK_HEADER = YES;
				CLANG_WARN_RANGE_LOOP_ANALYSIS = YES;
				CLANG_WARN_STRICT_PROTOTYPES = YES;
				CLANG_WARN_SUSPICIOUS_MOVE = YES;
				CLANG_WARN_UNGUARDED_AVAILABILITY = YES_AGGRESSIVE;
				CLANG_WARN_UNREACHABLE_CODE = YES;
				CLANG_WARN__DUPLICATE_METHOD_MATCH = YES;
				COPY_PHASE_STRIP = NO;
				DEBUG_INFORMATION_FORMAT = "dwarf-with-dsym";
				ENABLE_NS_ASSERTIONS = NO;
				ENABLE_STRICT_OBJC_MSGSEND = YES;
				ENABLE_USER_SCRIPT_SANDBOXING = YES;
				GCC_C_LANGUAGE_STANDARD = gnu17;
				GCC_NO_COMMON_BLOCKS = YES;
				GCC_WARN_64_TO_32_BIT_CONVERSION = YES;
				GCC_WARN_ABOUT_RETURN_TYPE = YES_ERROR;
				GCC_WARN_UNDECLARED_SELECTOR = YES;
				GCC_WARN_UNINITIALIZED_AUTOS = YES_AGGRESSIVE;
				GCC_WARN_UNUSED_FUNCTION = YES;
				GCC_WARN_UNUSED_VARIABLE = YES;
				INFOPLIST_FILE = Info.plist;
				IPHONEOS_DEPLOYMENT_TARGET = 16.0;
				LOCALIZATION_PREFERS_STRING_CATALOGS = YES;
				MTL_ENABLE_DEBUG_INFO = NO;
				MTL_FAST_MATH = YES;
				SDKROOT = iphoneos;
				SWIFT_COMPILATION_MODE = wholemodule;
				VALIDATE_PRODUCT = YES;
			};
			name = Release;
		};
		D237931E2BC6A77300694576 /* Debug */ = {
			isa = XCBuildConfiguration;
			buildSettings = {
				ASSETCATALOG_COMPILER_APPICON_NAME = AppIcon;
				ASSETCATALOG_COMPILER_GLOBAL_ACCENT_COLOR_NAME = AccentColor;
				CODE_SIGN_STYLE = Automatic;
				CURRENT_PROJECT_VERSION = 1;
				DEVELOPMENT_TEAM = QSU92QZVC6;
				GENERATE_INFOPLIST_FILE = YES;
				INFOPLIST_FILE = Info.plist;
				INFOPLIST_KEY_CFBundleDisplayName = iTunesSearcher;
				INFOPLIST_KEY_UIApplicationSupportsIndirectInputEvents = YES;
				INFOPLIST_KEY_UILaunchStoryboardName = LaunchScreen;
				INFOPLIST_KEY_UISupportedInterfaceOrientations_iPad = "UIInterfaceOrientationPortrait UIInterfaceOrientationPortraitUpsideDown UIInterfaceOrientationLandscapeLeft UIInterfaceOrientationLandscapeRight";
				INFOPLIST_KEY_UISupportedInterfaceOrientations_iPhone = "UIInterfaceOrientationPortrait UIInterfaceOrientationLandscapeLeft UIInterfaceOrientationLandscapeRight";
				IPHONEOS_DEPLOYMENT_TARGET = 16.0;
				LD_RUNPATH_SEARCH_PATHS = (
					"$(inherited)",
					"@executable_path/Frameworks",
				);
				MARKETING_VERSION = 1.0;
				PRODUCT_BUNDLE_IDENTIFIER = search.searchMedia;
				PRODUCT_NAME = "$(TARGET_NAME)";
				SUPPORTED_PLATFORMS = "iphoneos iphonesimulator";
				SUPPORTS_MACCATALYST = NO;
				SUPPORTS_MAC_DESIGNED_FOR_IPHONE_IPAD = NO;
				SUPPORTS_XR_DESIGNED_FOR_IPHONE_IPAD = NO;
				SWIFT_EMIT_LOC_STRINGS = YES;
				SWIFT_VERSION = 5.0;
				TARGETED_DEVICE_FAMILY = 1;
			};
			name = Debug;
		};
		D237931F2BC6A77300694576 /* Release */ = {
			isa = XCBuildConfiguration;
			buildSettings = {
				ASSETCATALOG_COMPILER_APPICON_NAME = AppIcon;
				ASSETCATALOG_COMPILER_GLOBAL_ACCENT_COLOR_NAME = AccentColor;
				CODE_SIGN_STYLE = Automatic;
				CURRENT_PROJECT_VERSION = 1;
				DEVELOPMENT_TEAM = QSU92QZVC6;
				GENERATE_INFOPLIST_FILE = YES;
				INFOPLIST_FILE = Info.plist;
				INFOPLIST_KEY_CFBundleDisplayName = iTunesSearcher;
				INFOPLIST_KEY_UIApplicationSupportsIndirectInputEvents = YES;
				INFOPLIST_KEY_UILaunchStoryboardName = LaunchScreen;
				INFOPLIST_KEY_UISupportedInterfaceOrientations_iPad = "UIInterfaceOrientationPortrait UIInterfaceOrientationPortraitUpsideDown UIInterfaceOrientationLandscapeLeft UIInterfaceOrientationLandscapeRight";
				INFOPLIST_KEY_UISupportedInterfaceOrientations_iPhone = "UIInterfaceOrientationPortrait UIInterfaceOrientationLandscapeLeft UIInterfaceOrientationLandscapeRight";
				IPHONEOS_DEPLOYMENT_TARGET = 16.0;
				LD_RUNPATH_SEARCH_PATHS = (
					"$(inherited)",
					"@executable_path/Frameworks",
				);
				MARKETING_VERSION = 1.0;
				PRODUCT_BUNDLE_IDENTIFIER = search.searchMedia;
				PRODUCT_NAME = "$(TARGET_NAME)";
				SUPPORTED_PLATFORMS = "iphoneos iphonesimulator";
				SUPPORTS_MACCATALYST = NO;
				SUPPORTS_MAC_DESIGNED_FOR_IPHONE_IPAD = NO;
				SUPPORTS_XR_DESIGNED_FOR_IPHONE_IPAD = NO;
				SWIFT_EMIT_LOC_STRINGS = YES;
				SWIFT_VERSION = 5.0;
				TARGETED_DEVICE_FAMILY = 1;
			};
			name = Release;
		};
		D23793212BC6A77300694576 /* Debug */ = {
			isa = XCBuildConfiguration;
			buildSettings = {
				ALWAYS_EMBED_SWIFT_STANDARD_LIBRARIES = YES;
				BUNDLE_LOADER = "$(TEST_HOST)";
				CODE_SIGN_STYLE = Automatic;
				CURRENT_PROJECT_VERSION = 1;
				DEVELOPMENT_TEAM = QSU92QZVC6;
				GENERATE_INFOPLIST_FILE = YES;
				IPHONEOS_DEPLOYMENT_TARGET = 17.2;
				MARKETING_VERSION = 1.0;
				PRODUCT_BUNDLE_IDENTIFIER = search.searchMediaTests;
				PRODUCT_NAME = "$(TARGET_NAME)";
				SWIFT_EMIT_LOC_STRINGS = NO;
				SWIFT_VERSION = 5.0;
				TARGETED_DEVICE_FAMILY = "1,2";
				TEST_HOST = "$(BUILT_PRODUCTS_DIR)/searchMedia.app/$(BUNDLE_EXECUTABLE_FOLDER_PATH)/searchMedia";
			};
			name = Debug;
		};
		D23793222BC6A77300694576 /* Release */ = {
			isa = XCBuildConfiguration;
			buildSettings = {
				ALWAYS_EMBED_SWIFT_STANDARD_LIBRARIES = YES;
				BUNDLE_LOADER = "$(TEST_HOST)";
				CODE_SIGN_STYLE = Automatic;
				CURRENT_PROJECT_VERSION = 1;
				DEVELOPMENT_TEAM = QSU92QZVC6;
				GENERATE_INFOPLIST_FILE = YES;
				IPHONEOS_DEPLOYMENT_TARGET = 17.2;
				MARKETING_VERSION = 1.0;
				PRODUCT_BUNDLE_IDENTIFIER = search.searchMediaTests;
				PRODUCT_NAME = "$(TARGET_NAME)";
				SWIFT_EMIT_LOC_STRINGS = NO;
				SWIFT_VERSION = 5.0;
				TARGETED_DEVICE_FAMILY = "1,2";
				TEST_HOST = "$(BUILT_PRODUCTS_DIR)/searchMedia.app/$(BUNDLE_EXECUTABLE_FOLDER_PATH)/searchMedia";
			};
			name = Release;
		};
		D23793242BC6A77300694576 /* Debug */ = {
			isa = XCBuildConfiguration;
			buildSettings = {
				ALWAYS_EMBED_SWIFT_STANDARD_LIBRARIES = YES;
				CODE_SIGN_STYLE = Automatic;
				CURRENT_PROJECT_VERSION = 1;
				DEVELOPMENT_TEAM = QSU92QZVC6;
				GENERATE_INFOPLIST_FILE = YES;
				MARKETING_VERSION = 1.0;
				PRODUCT_BUNDLE_IDENTIFIER = search.searchMediaUITests;
				PRODUCT_NAME = "$(TARGET_NAME)";
				SWIFT_EMIT_LOC_STRINGS = NO;
				SWIFT_VERSION = 5.0;
				TARGETED_DEVICE_FAMILY = "1,2";
				TEST_TARGET_NAME = searchMedia;
			};
			name = Debug;
		};
		D23793252BC6A77300694576 /* Release */ = {
			isa = XCBuildConfiguration;
			buildSettings = {
				ALWAYS_EMBED_SWIFT_STANDARD_LIBRARIES = YES;
				CODE_SIGN_STYLE = Automatic;
				CURRENT_PROJECT_VERSION = 1;
				DEVELOPMENT_TEAM = QSU92QZVC6;
				GENERATE_INFOPLIST_FILE = YES;
				MARKETING_VERSION = 1.0;
				PRODUCT_BUNDLE_IDENTIFIER = search.searchMediaUITests;
				PRODUCT_NAME = "$(TARGET_NAME)";
				SWIFT_EMIT_LOC_STRINGS = NO;
				SWIFT_VERSION = 5.0;
				TARGETED_DEVICE_FAMILY = "1,2";
				TEST_TARGET_NAME = searchMedia;
			};
			name = Release;
		};
/* End XCBuildConfiguration section */

/* Begin XCConfigurationList section */
		D23792EE2BC6A77200694576 /* Build configuration list for PBXProject "searchMedia" */ = {
			isa = XCConfigurationList;
			buildConfigurations = (
				D237931B2BC6A77300694576 /* Debug */,
				D237931C2BC6A77300694576 /* Release */,
			);
			defaultConfigurationIsVisible = 0;
			defaultConfigurationName = Release;
		};
		D237931D2BC6A77300694576 /* Build configuration list for PBXNativeTarget "searchMedia" */ = {
			isa = XCConfigurationList;
			buildConfigurations = (
				D237931E2BC6A77300694576 /* Debug */,
				D237931F2BC6A77300694576 /* Release */,
			);
			defaultConfigurationIsVisible = 0;
			defaultConfigurationName = Release;
		};
		D23793202BC6A77300694576 /* Build configuration list for PBXNativeTarget "searchMediaTests" */ = {
			isa = XCConfigurationList;
			buildConfigurations = (
				D23793212BC6A77300694576 /* Debug */,
				D23793222BC6A77300694576 /* Release */,
			);
			defaultConfigurationIsVisible = 0;
			defaultConfigurationName = Release;
		};
		D23793232BC6A77300694576 /* Build configuration list for PBXNativeTarget "searchMediaUITests" */ = {
			isa = XCConfigurationList;
			buildConfigurations = (
				D23793242BC6A77300694576 /* Debug */,
				D23793252BC6A77300694576 /* Release */,
			);
			defaultConfigurationIsVisible = 0;
			defaultConfigurationName = Release;
		};
/* End XCConfigurationList section */
	};
	rootObject = D23792EB2BC6A77200694576 /* Project object */;
}
